Microsoft Visual Studio Solution File, Format Version 12.00
# Visual Studio Version 17
VisualStudioVersion = 17.5.2.0
MinimumVisualStudioVersion = 10.0.40219.1
Project("{FAE04EC0-301F-11D3-BF4B-00C04F79EFBC}") = "EventTracker", "EventTracker.csproj", "{BB395DE5-DBA9-7B56-000F-E9DC17753F27}"
EndProject
Global
	GlobalSection(SolutionConfigurationPlatforms) = preSolution
		Debug|Any CPU = Debug|Any CPU
		Release|Any CPU = Release|Any CPU
	EndGlobalSection
	GlobalSection(ProjectConfigurationPlatforms) = postSolution
		{BB395DE5-DBA9-7B56-000F-E9DC17753F27}.Debug|Any CPU.ActiveCfg = Debug|Any CPU
		{BB395DE5-DBA9-7B56-000F-E9DC17753F27}.Debug|Any CPU.Build.0 = Debug|Any CPU
		{BB395DE5-DBA9-7B56-000F-E9DC17753F27}.Release|Any CPU.ActiveCfg = Release|Any CPU
		{BB395DE5-DBA9-7B56-000F-E9DC17753F27}.Release|Any CPU.Build.0 = Release|Any CPU
	EndGlobalSection
	GlobalSection(SolutionProperties) = preSolution
		HideSolutionNode = FALSE
	EndGlobalSection
	GlobalSection(ExtensibilityGlobals) = postSolution
		SolutionGuid = {2E46670E-2FB0-4973-A715-CEE0CF031339}
	EndGlobalSection
EndGlobal
